
Microsoft Visual Studio Solution File, Format Version 12.00
# Visual Studio Version 17
VisualStudioVersion = 17.3.32804.467
MinimumVisualStudioVersion = 10.0.40219.1
Project("{FAE04EC0-301F-11D3-BF4B-00C04F79EFBC}") = "Practica", "Practica\Practica.csproj", "{1EB4DFB7-2BDC-4FB6-9F7D-FD0C82ACCEFC}"
EndProject
Global
	GlobalSection(SolutionConfigurationPlatforms) = preSolution
		Debug|Any CPU = Debug|Any CPU
		Release|Any CPU = Release|Any CPU
	EndGlobalSection
	GlobalSection(ProjectConfigurationPlatforms) = postSolution
		{1EB4DFB7-2BDC-4FB6-9F7D-FD0C82ACCEFC}.Debug|Any CPU.ActiveCfg = Debug|Any CPU
		{1EB4DFB7-2BDC-4FB6-9F7D-FD0C82ACCEFC}.Debug|Any CPU.Build.0 = Debug|Any CPU
		{1EB4DFB7-2BDC-4FB6-9F7D-FD0C82ACCEFC}.Release|Any CPU.ActiveCfg = Release|Any CPU
		{1EB4DFB7-2BDC-4FB6-9F7D-FD0C82ACCEFC}.Release|Any CPU.Build.0 = Release|Any CPU
	EndGlobalSection
	GlobalSection(SolutionProperties) = preSolution
		HideSolutionNode = FALSE
	EndGlobalSection
	GlobalSection(ExtensibilityGlobals) = postSolution
		SolutionGuid = {E8C04B03-A267-48AB-BFC2-EAC46D664C50}
	EndGlobalSection
EndGlobal
